
Microsoft Visual Studio Solution File, Format Version 12.00
# Visual Studio Version 16
VisualStudioVersion = 16.0.28803.202
MinimumVisualStudioVersion = 10.0.40219.1
Project("{FAE04EC0-301F-11D3-BF4B-00C04F79EFBC}") = "aVeryBigSum", "aVeryBigSum\aVeryBigSum.csproj", "{C15DD4EE-91D7-46DB-832F-76DF4899274B}"
EndProject
Global
	GlobalSection(SolutionConfigurationPlatforms) = preSolution
		Debug|Any CPU = Debug|Any CPU
		Release|Any CPU = Release|Any CPU
	EndGlobalSection
	GlobalSection(ProjectConfigurationPlatforms) = postSolution
		{C15DD4EE-91D7-46DB-832F-76DF4899274B}.Debug|Any CPU.ActiveCfg = Debug|Any CPU
		{C15DD4EE-91D7-46DB-832F-76DF4899274B}.Debug|Any CPU.Build.0 = Debug|Any CPU
		{C15DD4EE-91D7-46DB-832F-76DF4899274B}.Release|Any CPU.ActiveCfg = Release|Any CPU
		{C15DD4EE-91D7-46DB-832F-76DF4899274B}.Release|Any CPU.Build.0 = Release|Any CPU
	EndGlobalSection
	GlobalSection(SolutionProperties) = preSolution
		HideSolutionNode = FALSE
	EndGlobalSection
	GlobalSection(ExtensibilityGlobals) = postSolution
		SolutionGuid = {1BB53684-CB7C-40A0-B0BD-32E2B1ABC7FE}
	EndGlobalSection
EndGlobal
